
Microsoft Visual Studio Solution File, Format Version 12.00
# Visual Studio 14
VisualStudioVersion = 14.0.24720.0
MinimumVisualStudioVersion = 10.0.40219.1
Project("{FAE04EC0-301F-11D3-BF4B-00C04F79EFBC}") = "Locana", "Locana\Locana.csproj", "{8D63CF1F-B858-4BB0-BA5D-916C783F7F0E}"
EndProject
Project("{FAE04EC0-301F-11D3-BF4B-00C04F79EFBC}") = "KzImageStreamUwp", "modules\kz-image-stream\Project\KzImageStreamUwp.csproj", "{068AAFA5-F654-4049-8903-BBE95C81586B}"
EndProject
Project("{FAE04EC0-301F-11D3-BF4B-00C04F79EFBC}") = "KzRemoteApiUwp", "modules\kz-remote-api\Project\KzRemoteApiUwp.csproj", "{1558C99B-E826-4B36-A321-FF17E7F8CCC3}"
EndProject
Project("{FAE04EC0-301F-11D3-BF4B-00C04F79EFBC}") = "KzSsdpDiscoveryUwp", "modules\kz-ssdp-discovery\Project\KzSsdpDiscoveryUwp.csproj", "{65FC1C19-ED21-43F1-8FF7-2957DC70C551}"
EndProject
Project("{FAE04EC0-301F-11D3-BF4B-00C04F79EFBC}") = "NtNfcParserUwp", "modules\NtNfcLib\NtNfcLib\NtNfcParserUwp.csproj", "{EE2D1D2F-3456-4133-AC3D-3128A8FCD7D7}"
EndProject
Project("{FAE04EC0-301F-11D3-BF4B-00C04F79EFBC}") = "NtImageProcessorUwp", "modules\NtImageProcessorUwp\NtImageProcessorUwp\NtImageProcessorUwp.csproj", "{F60B6857-9718-4491-9799-D94F51229BE2}"
EndProject
Global
	GlobalSection(SolutionConfigurationPlatforms) = preSolution
		Debug|Any CPU = Debug|Any CPU
		Debug|ARM = Debug|ARM
		Debug|x64 = Debug|x64
		Debug|x86 = Debug|x86
		Release|Any CPU = Release|Any CPU
		Release|ARM = Release|ARM
		Release|x64 = Release|x64
		Release|x86 = Release|x86
	EndGlobalSection
	GlobalSection(ProjectConfigurationPlatforms) = postSolution
		{8D63CF1F-B858-4BB0-BA5D-916C783F7F0E}.Debug|Any CPU.ActiveCfg = Debug|ARM
		{8D63CF1F-B858-4BB0-BA5D-916C783F7F0E}.Debug|Any CPU.Build.0 = Debug|ARM
		{8D63CF1F-B858-4BB0-BA5D-916C783F7F0E}.Debug|Any CPU.Deploy.0 = Debug|ARM
		{8D63CF1F-B858-4BB0-BA5D-916C783F7F0E}.Debug|ARM.ActiveCfg = Debug|ARM
		{8D63CF1F-B858-4BB0-BA5D-916C783F7F0E}.Debug|ARM.Build.0 = Debug|ARM
		{8D63CF1F-B858-4BB0-BA5D-916C783F7F0E}.Debug|ARM.Deploy.0 = Debug|ARM
		{8D63CF1F-B858-4BB0-BA5D-916C783F7F0E}.Debug|x64.ActiveCfg = Debug|x64
		{8D63CF1F-B858-4BB0-BA5D-916C783F7F0E}.Debug|x64.Build.0 = Debug|x64
		{8D63CF1F-B858-4BB0-BA5D-916C783F7F0E}.Debug|x64.Deploy.0 = Debug|x64
		{8D63CF1F-B858-4BB0-BA5D-916C783F7F0E}.Debug|x86.ActiveCfg = Debug|x86
		{8D63CF1F-B858-4BB0-BA5D-916C783F7F0E}.Debug|x86.Build.0 = Debug|x86
		{8D63CF1F-B858-4BB0-BA5D-916C783F7F0E}.Debug|x86.Deploy.0 = Debug|x86
		{8D63CF1F-B858-4BB0-BA5D-916C783F7F0E}.Release|Any CPU.ActiveCfg = Release|x86
		{8D63CF1F-B858-4BB0-BA5D-916C783F7F0E}.Release|ARM.ActiveCfg = Release|ARM
		{8D63CF1F-B858-4BB0-BA5D-916C783F7F0E}.Release|ARM.Build.0 = Release|ARM
		{8D63CF1F-B858-4BB0-BA5D-916C783F7F0E}.Release|ARM.Deploy.0 = Release|ARM
		{8D63CF1F-B858-4BB0-BA5D-916C783F7F0E}.Release|x64.ActiveCfg = Release|x64
		{8D63CF1F-B858-4BB0-BA5D-916C783F7F0E}.Release|x64.Build.0 = Release|x64
		{8D63CF1F-B858-4BB0-BA5D-916C783F7F0E}.Release|x64.Deploy.0 = Release|x64
		{8D63CF1F-B858-4BB0-BA5D-916C783F7F0E}.Release|x86.ActiveCfg = Release|x86
		{8D63CF1F-B858-4BB0-BA5D-916C783F7F0E}.Release|x86.Build.0 = Release|x86
		{8D63CF1F-B858-4BB0-BA5D-916C783F7F0E}.Release|x86.Deploy.0 = Release|x86
		{068AAFA5-F654-4049-8903-BBE95C81586B}.Debug|Any CPU.ActiveCfg = Debug|Any CPU
		{068AAFA5-F654-4049-8903-BBE95C81586B}.Debug|Any CPU.Build.0 = Debug|Any CPU
		{068AAFA5-F654-4049-8903-BBE95C81586B}.Debug|ARM.ActiveCfg = Debug|ARM
		{068AAFA5-F654-4049-8903-BBE95C81586B}.Debug|ARM.Build.0 = Debug|ARM
		{068AAFA5-F654-4049-8903-BBE95C81586B}.Debug|x64.ActiveCfg = Debug|x64
		{068AAFA5-F654-4049-8903-BBE95C81586B}.Debug|x64.Build.0 = Debug|x64
		{068AAFA5-F654-4049-8903-BBE95C81586B}.Debug|x86.ActiveCfg = Debug|x86
		{068AAFA5-F654-4049-8903-BBE95C81586B}.Debug|x86.Build.0 = Debug|x86
		{068AAFA5-F654-4049-8903-BBE95C81586B}.Release|Any CPU.ActiveCfg = Release|Any CPU
		{068AAFA5-F654-4049-8903-BBE95C81586B}.Release|Any CPU.Build.0 = Release|Any CPU
		{068AAFA5-F654-4049-8903-BBE95C81586B}.Release|ARM.ActiveCfg = Release|ARM
		{068AAFA5-F654-4049-8903-BBE95C81586B}.Release|ARM.Build.0 = Release|ARM
		{068AAFA5-F654-4049-8903-BBE95C81586B}.Release|x64.ActiveCfg = Release|x64
		{068AAFA5-F654-4049-8903-BBE95C81586B}.Release|x64.Build.0 = Release|x64
		{068AAFA5-F654-4049-8903-BBE95C81586B}.Release|x86.ActiveCfg = Release|x86
		{068AAFA5-F654-4049-8903-BBE95C81586B}.Release|x86.Build.0 = Release|x86
		{1558C99B-E826-4B36-A321-FF17E7F8CCC3}.Debug|Any CPU.ActiveCfg = Debug|Any CPU
		{1558C99B-E826-4B36-A321-FF17E7F8CCC3}.Debug|Any CPU.Build.0 = Debug|Any CPU
		{1558C99B-E826-4B36-A321-FF17E7F8CCC3}.Debug|ARM.ActiveCfg = Debug|ARM
		{1558C99B-E826-4B36-A321-FF17E7F8CCC3}.Debug|ARM.Build.0 = Debug|ARM
		{1558C99B-E826-4B36-A321-FF17E7F8CCC3}.Debug|x64.ActiveCfg = Debug|x64
		{1558C99B-E826-4B36-A321-FF17E7F8CCC3}.Debug|x64.Build.0 = Debug|x64
		{1558C99B-E826-4B36-A321-FF17E7F8CCC3}.Debug|x86.ActiveCfg = Debug|x86
		{1558C99B-E826-4B36-A321-FF17E7F8CCC3}.Debug|x86.Build.0 = Debug|x86
		{1558C99B-E826-4B36-A321-FF17E7F8CCC3}.Release|Any CPU.ActiveCfg = Release|Any CPU
		{1558C99B-E826-4B36-A321-FF17E7F8CCC3}.Release|Any CPU.Build.0 = Release|Any CPU
		{1558C99B-E826-4B36-A321-FF17E7F8CCC3}.Release|ARM.ActiveCfg = Release|ARM
		{1558C99B-E826-4B36-A321-FF17E7F8CCC3}.Release|ARM.Build.0 = Release|ARM
		{1558C99B-E826-4B36-A321-FF17E7F8CCC3}.Release|x64.ActiveCfg = Release|x64
		{1558C99B-E826-4B36-A321-FF17E7F8CCC3}.Release|x64.Build.0 = Release|x64
		{1558C99B-E826-4B36-A321-FF17E7F8CCC3}.Release|x86.ActiveCfg = Release|x86
		{1558C99B-E826-4B36-A321-FF17E7F8CCC3}.Release|x86.Build.0 = Release|x86
		{65FC1C19-ED21-43F1-8FF7-2957DC70C551}.Debug|Any CPU.ActiveCfg = Debug|Any CPU
		{65FC1C19-ED21-43F1-8FF7-2957DC70C551}.Debug|Any CPU.Build.0 = Debug|Any CPU
		{65FC1C19-ED21-43F1-8FF7-2957DC70C551}.Debug|ARM.ActiveCfg = Debug|ARM
		{65FC1C19-ED21-43F1-8FF7-2957DC70C551}.Debug|ARM.Build.0 = Debug|ARM
		{65FC1C19-ED21-43F1-8FF7-2957DC70C551}.Debug|x64.ActiveCfg = Debug|x64
		{65FC1C19-ED21-43F1-8FF7-2957DC70C551}.Debug|x64.Build.0 = Debug|x64
		{65FC1C19-ED21-43F1-8FF7-2957DC70C551}.Debug|x86.ActiveCfg = Debug|x86
		{65FC1C19-ED21-43F1-8FF7-2957DC70C551}.Debug|x86.Build.0 = Debug|x86
		{65FC1C19-ED21-43F1-8FF7-2957DC70C551}.Release|Any CPU.ActiveCfg = Release|Any CPU
		{65FC1C19-ED21-43F1-8FF7-2957DC70C551}.Release|Any CPU.Build.0 = Release|Any CPU
		{65FC1C19-ED21-43F1-8FF7-2957DC70C551}.Release|ARM.ActiveCfg = Release|ARM
		{65FC1C19-ED21-43F1-8FF7-2957DC70C551}.Release|ARM.Build.0 = Release|ARM
		{65FC1C19-ED21-43F1-8FF7-2957DC70C551}.Release|x64.ActiveCfg = Release|x64
		{65FC1C19-ED21-43F1-8FF7-2957DC70C551}.Release|x64.Build.0 = Release|x64
		{65FC1C19-ED21-43F1-8FF7-2957DC70C551}.Release|x86.ActiveCfg = Release|x86
		{65FC1C19-ED21-43F1-8FF7-2957DC70C551}.Release|x86.Build.0 = Release|x86
		{EE2D1D2F-3456-4133-AC3D-3128A8FCD7D7}.Debug|Any CPU.ActiveCfg = Debug|Any CPU
		{EE2D1D2F-3456-4133-AC3D-3128A8FCD7D7}.Debug|Any CPU.Build.0 = Debug|Any CPU
		{EE2D1D2F-3456-4133-AC3D-3128A8FCD7D7}.Debug|ARM.ActiveCfg = Debug|ARM
		{EE2D1D2F-3456-4133-AC3D-3128A8FCD7D7}.Debug|ARM.Build.0 = Debug|ARM
		{EE2D1D2F-3456-4133-AC3D-3128A8FCD7D7}.Debug|x64.ActiveCfg = Debug|x64
		{EE2D1D2F-3456-4133-AC3D-3128A8FCD7D7}.Debug|x64.Build.0 = Debug|x64
		{EE2D1D2F-3456-4133-AC3D-3128A8FCD7D7}.Debug|x86.ActiveCfg = Debug|x86
		{EE2D1D2F-3456-4133-AC3D-3128A8FCD7D7}.Debug|x86.Build.0 = Debug|x86
		{EE2D1D2F-3456-4133-AC3D-3128A8FCD7D7}.Release|Any CPU.ActiveCfg = Release|Any CPU
		{EE2D1D2F-3456-4133-AC3D-3128A8FCD7D7}.Release|Any CPU.Build.0 = Release|Any CPU
		{EE2D1D2F-3456-4133-AC3D-3128A8FCD7D7}.Release|ARM.ActiveCfg = Release|ARM
		{EE2D1D2F-3456-4133-AC3D-3128A8FCD7D7}.Release|ARM.Build.0 = Release|ARM
		{EE2D1D2F-3456-4133-AC3D-3128A8FCD7D7}.Release|x64.ActiveCfg = Release|x64
		{EE2D1D2F-3456-4133-AC3D-3128A8FCD7D7}.Release|x64.Build.0 = Release|x64
		{EE2D1D2F-3456-4133-AC3D-3128A8FCD7D7}.Release|x86.ActiveCfg = Release|x86
		{EE2D1D2F-3456-4133-AC3D-3128A8FCD7D7}.Release|x86.Build.0 = Release|x86
		{F60B6857-9718-4491-9799-D94F51229BE2}.Debug|Any CPU.ActiveCfg = Debug|Any CPU
		{F60B6857-9718-4491-9799-D94F51229BE2}.Debug|Any CPU.Build.0 = Debug|Any CPU
		{F60B6857-9718-4491-9799-D94F51229BE2}.Debug|ARM.ActiveCfg = Debug|ARM
		{F60B6857-9718-4491-9799-D94F51229BE2}.Debug|ARM.Build.0 = Debug|ARM
		{F60B6857-9718-4491-9799-D94F51229BE2}.Debug|x64.ActiveCfg = Debug|x64
		{F60B6857-9718-4491-9799-D94F51229BE2}.Debug|x64.Build.0 = Debug|x64
		{F60B6857-9718-4491-9799-D94F51229BE2}.Debug|x86.ActiveCfg = Debug|x86
		{F60B6857-9718-4491-9799-D94F51229BE2}.Debug|x86.Build.0 = Debug|x86
		{F60B6857-9718-4491-9799-D94F51229BE2}.Release|Any CPU.ActiveCfg = Release|Any CPU
		{F60B6857-9718-4491-9799-D94F51229BE2}.Release|Any CPU.Build.0 = Release|Any CPU
		{F60B6857-9718-4491-9799-D94F51229BE2}.Release|ARM.ActiveCfg = Release|ARM
		{F60B6857-9718-4491-9799-D94F51229BE2}.Release|ARM.Build.0 = Release|ARM
		{F60B6857-9718-4491-9799-D94F51229BE2}.Release|x64.ActiveCfg = Release|x64
		{F60B6857-9718-4491-9799-D94F51229BE2}.Release|x64.Build.0 = Release|x64
		{F60B6857-9718-4491-9799-D94F51229BE2}.Release|x86.ActiveCfg = Release|x86
		{F60B6857-9718-4491-9799-D94F51229BE2}.Release|x86.Build.0 = Release|x86
	EndGlobalSection
	GlobalSection(SolutionProperties) = preSolution
		HideSolutionNode = FALSE
	EndGlobalSection
EndGlobal
